
Microsoft Visual Studio Solution File, Format Version 12.00
# Visual Studio 15
VisualStudioVersion = 15.0.27130.2020
MinimumVisualStudioVersion = 10.0.40219.1
Project("{FAE04EC0-301F-11D3-BF4B-00C04F79EFBC}") = "Week 2, lab 2", "Week 2, lab 2\Week 2, lab 2.csproj", "{746798A8-F71C-4796-9691-2859809CDCE2}"
EndProject
Project("{FAE04EC0-301F-11D3-BF4B-00C04F79EFBC}") = "Lab 4- Complex", "Lab 4- Complex\Lab 4- Complex.csproj", "{AF406C84-B9D3-4C37-8F0C-D7571E345C32}"
EndProject
Project("{FAE04EC0-301F-11D3-BF4B-00C04F79EFBC}") = "lab 3 - mini prime", "lab 3 - mini prime\lab 3 - mini prime.csproj", "{B438B578-230E-4398-827F-8AE8620C3AE4}"
EndProject
Global
	GlobalSection(SolutionConfigurationPlatforms) = preSolution
		Debug|Any CPU = Debug|Any CPU
		Release|Any CPU = Release|Any CPU
	EndGlobalSection
	GlobalSection(ProjectConfigurationPlatforms) = postSolution
		{746798A8-F71C-4796-9691-2859809CDCE2}.Debug|Any CPU.ActiveCfg = Debug|Any CPU
		{746798A8-F71C-4796-9691-2859809CDCE2}.Debug|Any CPU.Build.0 = Debug|Any CPU
		{746798A8-F71C-4796-9691-2859809CDCE2}.Release|Any CPU.ActiveCfg = Release|Any CPU
		{746798A8-F71C-4796-9691-2859809CDCE2}.Release|Any CPU.Build.0 = Release|Any CPU
		{AF406C84-B9D3-4C37-8F0C-D7571E345C32}.Debug|Any CPU.ActiveCfg = Debug|Any CPU
		{AF406C84-B9D3-4C37-8F0C-D7571E345C32}.Debug|Any CPU.Build.0 = Debug|Any CPU
		{AF406C84-B9D3-4C37-8F0C-D7571E345C32}.Release|Any CPU.ActiveCfg = Release|Any CPU
		{AF406C84-B9D3-4C37-8F0C-D7571E345C32}.Release|Any CPU.Build.0 = Release|Any CPU
		{B438B578-230E-4398-827F-8AE8620C3AE4}.Debug|Any CPU.ActiveCfg = Debug|Any CPU
		{B438B578-230E-4398-827F-8AE8620C3AE4}.Debug|Any CPU.Build.0 = Debug|Any CPU
		{B438B578-230E-4398-827F-8AE8620C3AE4}.Release|Any CPU.ActiveCfg = Release|Any CPU
		{B438B578-230E-4398-827F-8AE8620C3AE4}.Release|Any CPU.Build.0 = Release|Any CPU
	EndGlobalSection
	GlobalSection(SolutionProperties) = preSolution
		HideSolutionNode = FALSE
	EndGlobalSection
	GlobalSection(ExtensibilityGlobals) = postSolution
		SolutionGuid = {D4ECD65A-6013-4E42-85B0-8C884333A3FD}
	EndGlobalSection
EndGlobal
