
Microsoft Visual Studio Solution File, Format Version 12.00
# Visual Studio 15
VisualStudioVersion = 15.0.27130.2020
MinimumVisualStudioVersion = 10.0.40219.1
Project("{FAE04EC0-301F-11D3-BF4B-00C04F79EFBC}") = "Myfirstwork", "Myfirstwork\Myfirstwork.csproj", "{AE1A4F46-9D7B-4C26-9C22-856D57F55EDE}"
EndProject
Project("{FAE04EC0-301F-11D3-BF4B-00C04F79EFBC}") = "1", "1\1.csproj", "{4AA38A11-CC2E-4A3E-8B34-460AAB70C3A1}"
EndProject
Project("{FAE04EC0-301F-11D3-BF4B-00C04F79EFBC}") = "Class student", "Class student\Class student.csproj", "{E99EF301-08D5-4763-AE17-3A64C74FFA00}"
EndProject
Project("{FAE04EC0-301F-11D3-BF4B-00C04F79EFBC}") = "Rectangle", "Rectangle\Rectangle.csproj", "{487E6A29-4F42-40BA-9B36-157E91736C8C}"
EndProject
Project("{FAE04EC0-301F-11D3-BF4B-00C04F79EFBC}") = "Circle", "Circle\Circle.csproj", "{0BE57FB7-7271-47D1-99C0-8D419CB05BFD}"
EndProject
Global
	GlobalSection(SolutionConfigurationPlatforms) = preSolution
		Debug|Any CPU = Debug|Any CPU
		Release|Any CPU = Release|Any CPU
	EndGlobalSection
	GlobalSection(ProjectConfigurationPlatforms) = postSolution
		{AE1A4F46-9D7B-4C26-9C22-856D57F55EDE}.Debug|Any CPU.ActiveCfg = Debug|Any CPU
		{AE1A4F46-9D7B-4C26-9C22-856D57F55EDE}.Debug|Any CPU.Build.0 = Debug|Any CPU
		{AE1A4F46-9D7B-4C26-9C22-856D57F55EDE}.Release|Any CPU.ActiveCfg = Release|Any CPU
		{AE1A4F46-9D7B-4C26-9C22-856D57F55EDE}.Release|Any CPU.Build.0 = Release|Any CPU
		{4AA38A11-CC2E-4A3E-8B34-460AAB70C3A1}.Debug|Any CPU.ActiveCfg = Debug|Any CPU
		{4AA38A11-CC2E-4A3E-8B34-460AAB70C3A1}.Debug|Any CPU.Build.0 = Debug|Any CPU
		{4AA38A11-CC2E-4A3E-8B34-460AAB70C3A1}.Release|Any CPU.ActiveCfg = Release|Any CPU
		{4AA38A11-CC2E-4A3E-8B34-460AAB70C3A1}.Release|Any CPU.Build.0 = Release|Any CPU
		{E99EF301-08D5-4763-AE17-3A64C74FFA00}.Debug|Any CPU.ActiveCfg = Debug|Any CPU
		{E99EF301-08D5-4763-AE17-3A64C74FFA00}.Debug|Any CPU.Build.0 = Debug|Any CPU
		{E99EF301-08D5-4763-AE17-3A64C74FFA00}.Release|Any CPU.ActiveCfg = Release|Any CPU
		{E99EF301-08D5-4763-AE17-3A64C74FFA00}.Release|Any CPU.Build.0 = Release|Any CPU
		{487E6A29-4F42-40BA-9B36-157E91736C8C}.Debug|Any CPU.ActiveCfg = Debug|Any CPU
		{487E6A29-4F42-40BA-9B36-157E91736C8C}.Debug|Any CPU.Build.0 = Debug|Any CPU
		{487E6A29-4F42-40BA-9B36-157E91736C8C}.Release|Any CPU.ActiveCfg = Release|Any CPU
		{487E6A29-4F42-40BA-9B36-157E91736C8C}.Release|Any CPU.Build.0 = Release|Any CPU
		{0BE57FB7-7271-47D1-99C0-8D419CB05BFD}.Debug|Any CPU.ActiveCfg = Debug|Any CPU
		{0BE57FB7-7271-47D1-99C0-8D419CB05BFD}.Debug|Any CPU.Build.0 = Debug|Any CPU
		{0BE57FB7-7271-47D1-99C0-8D419CB05BFD}.Release|Any CPU.ActiveCfg = Release|Any CPU
		{0BE57FB7-7271-47D1-99C0-8D419CB05BFD}.Release|Any CPU.Build.0 = Release|Any CPU
	EndGlobalSection
	GlobalSection(SolutionProperties) = preSolution
		HideSolutionNode = FALSE
	EndGlobalSection
	GlobalSection(ExtensibilityGlobals) = postSolution
		SolutionGuid = {6989F095-325E-44EB-914C-9029CA1F0A6E}
	EndGlobalSection
EndGlobal
